# This file is automatically @generated by Cargo.
# It is not intended for manual editing.
version = 4

[[package]]
name = "bench"
version = "0.1.0"
dependencies = [
 "book",
 "feed",
 "sync",
]

[[package]]
name = "book"
version = "0.1.0"

[[package]]
name = "engine"
version = "0.1.0"
dependencies = [
 "book",
 "feed",
 "sync",
]

[[package]]
name = "feed"
version = "0.1.0"
dependencies = [
 "book",
]

[[package]]
name = "sync"
version = "0.1.0"
